{
    "_meta": {
        "hash": {
            "sha256": "248f99f7589ebac0c263fa0f98e9b5214d13f6c79b39543fa1ca7a2cf3608a45"
        },
        "pipfile-spec": 6,
        "requires": {
            "python_full_version": "3.10.4",
            "python_version": "3.10"
        },
        "sources": [
            {
                "name": "pypi",
                "url": "https://pypi.org/simple",
                "verify_ssl": true
            }
        ]
    },
    "default": {
        "django-environ": {
            "hashes": [
                "sha256:227dc891453dd5bde769c3449cf4a74b6f2ee8f7ab2361c93a07068f4179041a",
                "sha256:92fb346a158abda07ffe6eb23135ce92843af06ecf8753f43adf9d2366dcc0ca"
            ],
            "index": "pypi",
            "markers": "python_version >= '3.9' and python_version < '4'",
            "version": "==0.12.0"
        }
    },
    "develop": {}
}
